
Microsoft Visual Studio Solution File, Format Version 12.00
# Visual Studio Version 16
VisualStudioVersion = 16.0.30225.117
MinimumVisualStudioVersion = 10.0.40219.1
Project("{FAE04EC0-301F-11D3-BF4B-00C04F79EFBC}") = "CPW215JoesWebsiteSpeakingBits", "CPW215JoesWebsiteSpeakingBits\CPW215JoesWebsiteSpeakingBits.csproj", "{BAF6D0C1-A216-474A-A102-139531E74682}"
EndProject
Global
	GlobalSection(SolutionConfigurationPlatforms) = preSolution
		Debug|Any CPU = Debug|Any CPU
		Release|Any CPU = Release|Any CPU
	EndGlobalSection
	GlobalSection(ProjectConfigurationPlatforms) = postSolution
		{BAF6D0C1-A216-474A-A102-139531E74682}.Debug|Any CPU.ActiveCfg = Debug|Any CPU
		{BAF6D0C1-A216-474A-A102-139531E74682}.Debug|Any CPU.Build.0 = Debug|Any CPU
		{BAF6D0C1-A216-474A-A102-139531E74682}.Release|Any CPU.ActiveCfg = Release|Any CPU
		{BAF6D0C1-A216-474A-A102-139531E74682}.Release|Any CPU.Build.0 = Release|Any CPU
	EndGlobalSection
	GlobalSection(SolutionProperties) = preSolution
		HideSolutionNode = FALSE
	EndGlobalSection
	GlobalSection(ExtensibilityGlobals) = postSolution
		SolutionGuid = {7E07477D-AF29-40DF-B7CD-AD4EC4B2FFC1}
	EndGlobalSection
EndGlobal
